
Microsoft Visual Studio Solution File, Format Version 12.00
Project("{FAE04EC0-301F-11D3-BF4B-00C04F79EFBC}") = "MyMusic.Api", "MyMusic.Api\MyMusic.Api.csproj", "{72B9B754-F9CD-4BA0-B0A0-701808DF24AF}"
EndProject
Project("{FAE04EC0-301F-11D3-BF4B-00C04F79EFBC}") = "MyMusic.Model", "MyMusic.Model\MyMusic.Model.csproj", "{FEE1915F-C9F0-47F5-83C5-7904C6AEEF52}"
EndProject
Project("{FAE04EC0-301F-11D3-BF4B-00C04F79EFBC}") = "MyMusic.Model.Commands", "MyMusic.Model.Commands\MyMusic.Model.Commands.csproj", "{F9D3215A-07D9-4876-B39F-B498F2DEE523}"
EndProject
Project("{FAE04EC0-301F-11D3-BF4B-00C04F79EFBC}") = "MyMusic.Model.Events", "MyMusic.Model.Events\MyMusic.Model.Events.csproj", "{34475277-F2B2-4A37-88EA-A2DAAE3189D6}"
EndProject
Project("{FAE04EC0-301F-11D3-BF4B-00C04F79EFBC}") = "MyMusic.Application.CommandHandlers", "MyMusic.Application.CommandHandlers\MyMusic.Application.CommandHandlers.csproj", "{03741F58-DC28-43CB-9195-435596D2FBC5}"
EndProject
Project("{FAE04EC0-301F-11D3-BF4B-00C04F79EFBC}") = "MyMusic.Application.Write.EventHandlers", "MyMusic.Application.Write.EventHandlers\MyMusic.Application.Write.EventHandlers.csproj", "{3367E633-4107-4FA7-A425-7BFF39C04075}"
EndProject
Project("{2150E333-8FDC-42A3-9474-1A3956D46DE8}") = "Read", "Read", "{5DC3A962-1E87-4BEC-AE38-74AF66C930EB}"
EndProject
Project("{2150E333-8FDC-42A3-9474-1A3956D46DE8}") = "Write", "Write", "{D1DFC33A-71D2-4EA5-A807-D622549C38C3}"
EndProject
Project("{FAE04EC0-301F-11D3-BF4B-00C04F79EFBC}") = "MyMusic.Application.Queries", "MyMusic.Application.Queries\MyMusic.Application.Queries.csproj", "{67045FA5-BA68-4851-9822-AF9D25738A22}"
EndProject
Project("{FAE04EC0-301F-11D3-BF4B-00C04F79EFBC}") = "MyMusic.Application.Read.EventHandlers", "MyMusic.Application.Read.EventHandlers\MyMusic.Application.Read.EventHandlers.csproj", "{3C7EA575-B376-4ED8-A264-60E6B1A6DEF9}"
EndProject
Project("{FAE04EC0-301F-11D3-BF4B-00C04F79EFBC}") = "MyMusic.Application.Queries.Tests", "MyMusic.Application.Queries.Tests\MyMusic.Application.Queries.Tests.csproj", "{4C9E4BD8-DE33-415D-A7B3-57DB5DDB7B83}"
EndProject
Project("{FAE04EC0-301F-11D3-BF4B-00C04F79EFBC}") = "MyMusic.Application.Read.EventHandlers.Tests", "MyMusic.Application.Read.EventHandlers.Tests\MyMusic.Application.Read.EventHandlers.Tests.csproj", "{1E1AFEE5-CEA0-492A-B043-98CD42561E89}"
EndProject
Project("{FAE04EC0-301F-11D3-BF4B-00C04F79EFBC}") = "MyMusic.Application.Write.EventHandlers.Tests", "MyMusic.Application.Write.EventHandlers.Tests\MyMusic.Application.Write.EventHandlers.Tests.csproj", "{F3FEEE13-4CE7-4636-BDFC-1C47ECBB5AF0}"
EndProject
Project("{FAE04EC0-301F-11D3-BF4B-00C04F79EFBC}") = "MyMusic.Application.CommandHandlers.Tests", "MyMusic.Application.CommandHandlers.Tests\MyMusic.Application.CommandHandlers.Tests.csproj", "{9AEB7CCF-8764-410C-8340-CA6D6D47C713}"
EndProject
Global
	GlobalSection(SolutionConfigurationPlatforms) = preSolution
		Debug|Any CPU = Debug|Any CPU
		Release|Any CPU = Release|Any CPU
	EndGlobalSection
	GlobalSection(ProjectConfigurationPlatforms) = postSolution
		{72B9B754-F9CD-4BA0-B0A0-701808DF24AF}.Debug|Any CPU.ActiveCfg = Debug|Any CPU
		{72B9B754-F9CD-4BA0-B0A0-701808DF24AF}.Debug|Any CPU.Build.0 = Debug|Any CPU
		{72B9B754-F9CD-4BA0-B0A0-701808DF24AF}.Release|Any CPU.ActiveCfg = Release|Any CPU
		{72B9B754-F9CD-4BA0-B0A0-701808DF24AF}.Release|Any CPU.Build.0 = Release|Any CPU
		{FEE1915F-C9F0-47F5-83C5-7904C6AEEF52}.Debug|Any CPU.ActiveCfg = Debug|Any CPU
		{FEE1915F-C9F0-47F5-83C5-7904C6AEEF52}.Debug|Any CPU.Build.0 = Debug|Any CPU
		{FEE1915F-C9F0-47F5-83C5-7904C6AEEF52}.Release|Any CPU.ActiveCfg = Release|Any CPU
		{FEE1915F-C9F0-47F5-83C5-7904C6AEEF52}.Release|Any CPU.Build.0 = Release|Any CPU
		{F9D3215A-07D9-4876-B39F-B498F2DEE523}.Debug|Any CPU.ActiveCfg = Debug|Any CPU
		{F9D3215A-07D9-4876-B39F-B498F2DEE523}.Debug|Any CPU.Build.0 = Debug|Any CPU
		{F9D3215A-07D9-4876-B39F-B498F2DEE523}.Release|Any CPU.ActiveCfg = Release|Any CPU
		{F9D3215A-07D9-4876-B39F-B498F2DEE523}.Release|Any CPU.Build.0 = Release|Any CPU
		{34475277-F2B2-4A37-88EA-A2DAAE3189D6}.Debug|Any CPU.ActiveCfg = Debug|Any CPU
		{34475277-F2B2-4A37-88EA-A2DAAE3189D6}.Debug|Any CPU.Build.0 = Debug|Any CPU
		{34475277-F2B2-4A37-88EA-A2DAAE3189D6}.Release|Any CPU.ActiveCfg = Release|Any CPU
		{34475277-F2B2-4A37-88EA-A2DAAE3189D6}.Release|Any CPU.Build.0 = Release|Any CPU
		{03741F58-DC28-43CB-9195-435596D2FBC5}.Debug|Any CPU.ActiveCfg = Debug|Any CPU
		{03741F58-DC28-43CB-9195-435596D2FBC5}.Debug|Any CPU.Build.0 = Debug|Any CPU
		{03741F58-DC28-43CB-9195-435596D2FBC5}.Release|Any CPU.ActiveCfg = Release|Any CPU
		{03741F58-DC28-43CB-9195-435596D2FBC5}.Release|Any CPU.Build.0 = Release|Any CPU
		{3367E633-4107-4FA7-A425-7BFF39C04075}.Debug|Any CPU.ActiveCfg = Debug|Any CPU
		{3367E633-4107-4FA7-A425-7BFF39C04075}.Debug|Any CPU.Build.0 = Debug|Any CPU
		{3367E633-4107-4FA7-A425-7BFF39C04075}.Release|Any CPU.ActiveCfg = Release|Any CPU
		{3367E633-4107-4FA7-A425-7BFF39C04075}.Release|Any CPU.Build.0 = Release|Any CPU
		{67045FA5-BA68-4851-9822-AF9D25738A22}.Debug|Any CPU.ActiveCfg = Debug|Any CPU
		{67045FA5-BA68-4851-9822-AF9D25738A22}.Debug|Any CPU.Build.0 = Debug|Any CPU
		{67045FA5-BA68-4851-9822-AF9D25738A22}.Release|Any CPU.ActiveCfg = Release|Any CPU
		{67045FA5-BA68-4851-9822-AF9D25738A22}.Release|Any CPU.Build.0 = Release|Any CPU
		{3C7EA575-B376-4ED8-A264-60E6B1A6DEF9}.Debug|Any CPU.ActiveCfg = Debug|Any CPU
		{3C7EA575-B376-4ED8-A264-60E6B1A6DEF9}.Debug|Any CPU.Build.0 = Debug|Any CPU
		{3C7EA575-B376-4ED8-A264-60E6B1A6DEF9}.Release|Any CPU.ActiveCfg = Release|Any CPU
		{3C7EA575-B376-4ED8-A264-60E6B1A6DEF9}.Release|Any CPU.Build.0 = Release|Any CPU
		{4C9E4BD8-DE33-415D-A7B3-57DB5DDB7B83}.Debug|Any CPU.ActiveCfg = Debug|Any CPU
		{4C9E4BD8-DE33-415D-A7B3-57DB5DDB7B83}.Debug|Any CPU.Build.0 = Debug|Any CPU
		{4C9E4BD8-DE33-415D-A7B3-57DB5DDB7B83}.Release|Any CPU.ActiveCfg = Release|Any CPU
		{4C9E4BD8-DE33-415D-A7B3-57DB5DDB7B83}.Release|Any CPU.Build.0 = Release|Any CPU
		{1E1AFEE5-CEA0-492A-B043-98CD42561E89}.Debug|Any CPU.ActiveCfg = Debug|Any CPU
		{1E1AFEE5-CEA0-492A-B043-98CD42561E89}.Debug|Any CPU.Build.0 = Debug|Any CPU
		{1E1AFEE5-CEA0-492A-B043-98CD42561E89}.Release|Any CPU.ActiveCfg = Release|Any CPU
		{1E1AFEE5-CEA0-492A-B043-98CD42561E89}.Release|Any CPU.Build.0 = Release|Any CPU
		{F3FEEE13-4CE7-4636-BDFC-1C47ECBB5AF0}.Debug|Any CPU.ActiveCfg = Debug|Any CPU
		{F3FEEE13-4CE7-4636-BDFC-1C47ECBB5AF0}.Debug|Any CPU.Build.0 = Debug|Any CPU
		{F3FEEE13-4CE7-4636-BDFC-1C47ECBB5AF0}.Release|Any CPU.ActiveCfg = Release|Any CPU
		{F3FEEE13-4CE7-4636-BDFC-1C47ECBB5AF0}.Release|Any CPU.Build.0 = Release|Any CPU
		{9AEB7CCF-8764-410C-8340-CA6D6D47C713}.Debug|Any CPU.ActiveCfg = Debug|Any CPU
		{9AEB7CCF-8764-410C-8340-CA6D6D47C713}.Debug|Any CPU.Build.0 = Debug|Any CPU
		{9AEB7CCF-8764-410C-8340-CA6D6D47C713}.Release|Any CPU.ActiveCfg = Release|Any CPU
		{9AEB7CCF-8764-410C-8340-CA6D6D47C713}.Release|Any CPU.Build.0 = Release|Any CPU
	EndGlobalSection
	GlobalSection(NestedProjects) = preSolution
		{03741F58-DC28-43CB-9195-435596D2FBC5} = {D1DFC33A-71D2-4EA5-A807-D622549C38C3}
		{3367E633-4107-4FA7-A425-7BFF39C04075} = {D1DFC33A-71D2-4EA5-A807-D622549C38C3}
		{FEE1915F-C9F0-47F5-83C5-7904C6AEEF52} = {D1DFC33A-71D2-4EA5-A807-D622549C38C3}
		{F9D3215A-07D9-4876-B39F-B498F2DEE523} = {D1DFC33A-71D2-4EA5-A807-D622549C38C3}
		{34475277-F2B2-4A37-88EA-A2DAAE3189D6} = {D1DFC33A-71D2-4EA5-A807-D622549C38C3}
		{67045FA5-BA68-4851-9822-AF9D25738A22} = {5DC3A962-1E87-4BEC-AE38-74AF66C930EB}
		{3C7EA575-B376-4ED8-A264-60E6B1A6DEF9} = {5DC3A962-1E87-4BEC-AE38-74AF66C930EB}
		{4C9E4BD8-DE33-415D-A7B3-57DB5DDB7B83} = {5DC3A962-1E87-4BEC-AE38-74AF66C930EB}
		{1E1AFEE5-CEA0-492A-B043-98CD42561E89} = {5DC3A962-1E87-4BEC-AE38-74AF66C930EB}
		{F3FEEE13-4CE7-4636-BDFC-1C47ECBB5AF0} = {D1DFC33A-71D2-4EA5-A807-D622549C38C3}
		{9AEB7CCF-8764-410C-8340-CA6D6D47C713} = {D1DFC33A-71D2-4EA5-A807-D622549C38C3}
	EndGlobalSection
EndGlobal
